
Microsoft Visual Studio Solution File, Format Version 12.00
# Visual Studio Version 16
VisualStudioVersion = 16.0.31205.134
MinimumVisualStudioVersion = 10.0.40219.1
Project("{FAE04EC0-301F-11D3-BF4B-00C04F79EFBC}") = "Identity", "Identity\Identity.csproj", "{3178443B-DEA7-40F7-A4CE-3758D4109F6D}"
EndProject
Global
	GlobalSection(SolutionConfigurationPlatforms) = preSolution
		Debug|Any CPU = Debug|Any CPU
		Release|Any CPU = Release|Any CPU
	EndGlobalSection
	GlobalSection(ProjectConfigurationPlatforms) = postSolution
		{3178443B-DEA7-40F7-A4CE-3758D4109F6D}.Debug|Any CPU.ActiveCfg = Debug|Any CPU
		{3178443B-DEA7-40F7-A4CE-3758D4109F6D}.Debug|Any CPU.Build.0 = Debug|Any CPU
		{3178443B-DEA7-40F7-A4CE-3758D4109F6D}.Release|Any CPU.ActiveCfg = Release|Any CPU
		{3178443B-DEA7-40F7-A4CE-3758D4109F6D}.Release|Any CPU.Build.0 = Release|Any CPU
	EndGlobalSection
	GlobalSection(SolutionProperties) = preSolution
		HideSolutionNode = FALSE
	EndGlobalSection
	GlobalSection(ExtensibilityGlobals) = postSolution
		SolutionGuid = {26060519-1A38-466A-8BD8-DB2541518B3C}
	EndGlobalSection
EndGlobal
